
Microsoft Visual Studio Solution File, Format Version 12.00
# Visual Studio 2013
VisualStudioVersion = 12.0.31101.0
MinimumVisualStudioVersion = 10.0.40219.1
Project("{FAE04EC0-301F-11D3-BF4B-00C04F79EFBC}") = "LinearAlgebraReminder", "LinearAlgebraReminder\LinearAlgebraReminder.csproj", "{C0B433E6-DE37-4184-8238-DC496136EF26}"
EndProject
Project("{FAE04EC0-301F-11D3-BF4B-00C04F79EFBC}") = "LinearAlgebraReminder.Utility", "LinearAlgebraReminder.Utility\LinearAlgebraReminder.Utility.csproj", "{D107E027-B819-4ABF-B02B-894C1601DC85}"
EndProject
Project("{FAE04EC0-301F-11D3-BF4B-00C04F79EFBC}") = "LinearAlgebraReminder.Tests", "LinearAlgebraReminder.Tests\LinearAlgebraReminder.Tests.csproj", "{58815BDB-8CB8-4E4F-AC9B-FF5ADE340D4D}"
EndProject
Project("{FAE04EC0-301F-11D3-BF4B-00C04F79EFBC}") = "PoliticsSample", "PoliticsSample\PoliticsSample.csproj", "{154F9A4F-4609-4577-A509-AB5C230A4E90}"
EndProject
Global
	GlobalSection(SolutionConfigurationPlatforms) = preSolution
		Debug|Any CPU = Debug|Any CPU
		Release|Any CPU = Release|Any CPU
	EndGlobalSection
	GlobalSection(ProjectConfigurationPlatforms) = postSolution
		{C0B433E6-DE37-4184-8238-DC496136EF26}.Debug|Any CPU.ActiveCfg = Debug|Any CPU
		{C0B433E6-DE37-4184-8238-DC496136EF26}.Debug|Any CPU.Build.0 = Debug|Any CPU
		{C0B433E6-DE37-4184-8238-DC496136EF26}.Release|Any CPU.ActiveCfg = Release|Any CPU
		{C0B433E6-DE37-4184-8238-DC496136EF26}.Release|Any CPU.Build.0 = Release|Any CPU
		{D107E027-B819-4ABF-B02B-894C1601DC85}.Debug|Any CPU.ActiveCfg = Debug|Any CPU
		{D107E027-B819-4ABF-B02B-894C1601DC85}.Debug|Any CPU.Build.0 = Debug|Any CPU
		{D107E027-B819-4ABF-B02B-894C1601DC85}.Release|Any CPU.ActiveCfg = Release|Any CPU
		{D107E027-B819-4ABF-B02B-894C1601DC85}.Release|Any CPU.Build.0 = Release|Any CPU
		{58815BDB-8CB8-4E4F-AC9B-FF5ADE340D4D}.Debug|Any CPU.ActiveCfg = Debug|Any CPU
		{58815BDB-8CB8-4E4F-AC9B-FF5ADE340D4D}.Debug|Any CPU.Build.0 = Debug|Any CPU
		{58815BDB-8CB8-4E4F-AC9B-FF5ADE340D4D}.Release|Any CPU.ActiveCfg = Release|Any CPU
		{58815BDB-8CB8-4E4F-AC9B-FF5ADE340D4D}.Release|Any CPU.Build.0 = Release|Any CPU
		{154F9A4F-4609-4577-A509-AB5C230A4E90}.Debug|Any CPU.ActiveCfg = Debug|Any CPU
		{154F9A4F-4609-4577-A509-AB5C230A4E90}.Debug|Any CPU.Build.0 = Debug|Any CPU
		{154F9A4F-4609-4577-A509-AB5C230A4E90}.Release|Any CPU.ActiveCfg = Release|Any CPU
		{154F9A4F-4609-4577-A509-AB5C230A4E90}.Release|Any CPU.Build.0 = Release|Any CPU
	EndGlobalSection
	GlobalSection(SolutionProperties) = preSolution
		HideSolutionNode = FALSE
	EndGlobalSection
EndGlobal
